// !$*UTF8*$!
{
	archiveVersion = 1;
	classes = {
	};
	objectVersion = 46;
	objects = {

/* Begin PBXBuildFile section */
		A48D681F1C4880CB00C67744 /* LLFileOperator.m in Sources */ = {isa = PBXBuildFile; fileRef = A48D681E1C4880CB00C67744 /* LLFileOperator.m */; };
		A48D682C1C48958000C67744 /* LLLoger.m in Sources */ = {isa = PBXBuildFile; fileRef = A48D682B1C48958000C67744 /* LLLoger.m */; };
		A48D68371C48C1F600C67744 /* LLNetworkState.m in Sources */ = {isa = PBXBuildFile; fileRef = A48D68361C48C1F600C67744 /* LLNetworkState.m */; };
		A4BEB1A81C47A6240063708D /* LLHttpDownloader.m in Sources */ = {isa = PBXBuildFile; fileRef = A4BEB1A71C47A6240063708D /* LLHttpDownloader.m */; };
		A4BEB1B91C47CC3E0063708D /* README.MD in Sources */ = {isa = PBXBuildFile; fileRef = A4BEB1B81C47CC3E0063708D /* README.MD */; };
		A4EA02381C5F3800001C9BF8 /* UIDownloadBar.m in Sources */ = {isa = PBXBuildFile; fileRef = A4EA02371C5F3800001C9BF8 /* UIDownloadBar.m */; };
/* End PBXBuildFile section */

/* Begin PBXCopyFilesBuildPhase section */
		A4BEB18F1C47A3420063708D /* CopyFiles */ = {
			isa = PBXCopyFilesBuildPhase;
			buildActionMask = 2147483647;
			dstPath = "include/$(PRODUCT_NAME)";
			dstSubfolderSpec = 16;
			files = (
			);
			runOnlyForDeploymentPostprocessing = 0;
		};
/* End PBXCopyFilesBuildPhase section */

/* Begin PBXFileReference section */
		189D7D1C1C4BCAD300F41ABB /* LLDownloader.h */ = {isa = PBXFileReference; lastKnownFileType = sourcecode.c.h; path = LLDownloader.h; sourceTree = "<group>"; };
		A48D681D1C4880BA00C67744 /* LLFileOperator.h */ = {isa = PBXFileReference; lastKnownFileType = sourcecode.c.h; path = LLFileOperator.h; sourceTree = "<group>"; };
		A48D681E1C4880CB00C67744 /* LLFileOperator.m */ = {isa = PBXFileReference; fileEncoding = 4; lastKnownFileType = sourcecode.c.objc; path = LLFileOperator.m; sourceTree = "<group>"; };
		A48D682A1C48957500C67744 /* LLLoger.h */ = {isa = PBXFileReference; lastKnownFileType = sourcecode.c.h; path = LLLoger.h; sourceTree = "<group>"; };
		A48D682B1C48958000C67744 /* LLLoger.m */ = {isa = PBXFileReference; fileEncoding = 4; lastKnownFileType = sourcecode.c.objc; path = LLLoger.m; sourceTree = "<group>"; };
		A48D68351C48C1E500C67744 /* LLNetworkState.h */ = {isa = PBXFileReference; lastKnownFileType = sourcecode.c.h; path = LLNetworkState.h; sourceTree = "<group>"; };
		A48D68361C48C1F600C67744 /* LLNetworkState.m */ = {isa = PBXFileReference; fileEncoding = 4; lastKnownFileType = sourcecode.c.objc; path = LLNetworkState.m; sourceTree = "<group>"; };
		A4BEB1911C47A3420063708D /* libLLDownloader.a */ = {isa = PBXFileReference; explicitFileType = archive.ar; includeInIndex = 0; path = libLLDownloader.a; sourceTree = BUILT_PRODUCTS_DIR; };
		A4BEB1A61C47A6110063708D /* LLHttpDownloader.h */ = {isa = PBXFileReference; lastKnownFileType = sourcecode.c.h; path = LLHttpDownloader.h; sourceTree = "<group>"; };
		A4BEB1A71C47A6240063708D /* LLHttpDownloader.m */ = {isa = PBXFileReference; fileEncoding = 4; lastKnownFileType = sourcecode.c.objc; path = LLHttpDownloader.m; sourceTree = "<group>"; };
		A4BEB1B81C47CC3E0063708D /* README.MD */ = {isa = PBXFileReference; fileEncoding = 4; lastKnownFileType = net.daringfireball.markdown; path = README.MD; sourceTree = "<group>"; };
		A4EA02371C5F3800001C9BF8 /* UIDownloadBar.m */ = {isa = PBXFileReference; fileEncoding = 4; lastKnownFileType = sourcecode.c.objc; path = UIDownloadBar.m; sourceTree = "<group>"; };
		A4EA02391C5F381E001C9BF8 /* UIDownloadBar.h */ = {isa = PBXFileReference; lastKnownFileType = sourcecode.c.h; path = UIDownloadBar.h; sourceTree = "<group>"; };
/* End PBXFileReference section */

/* Begin PBXFrameworksBuildPhase section */
		A4BEB18E1C47A3420063708D /* Frameworks */ = {
			isa = PBXFrameworksBuildPhase;
			buildActionMask = 2147483647;
			files = (
			);
			runOnlyForDeploymentPostprocessing = 0;
		};
/* End PBXFrameworksBuildPhase section */

/* Begin PBXGroup section */
		A4BEB1881C47A3420063708D = {
			isa = PBXGroup;
			children = (
				A4BEB1B81C47CC3E0063708D /* README.MD */,
				A4BEB1931C47A3420063708D /* LLDownloader */,
				A4BEB1921C47A3420063708D /* Products */,
			);
			sourceTree = "<group>";
		};
		A4BEB1921C47A3420063708D /* Products */ = {
			isa = PBXGroup;
			children = (
				A4BEB1911C47A3420063708D /* libLLDownloader.a */,
			);
			name = Products;
			sourceTree = "<group>";
		};
		A4BEB1931C47A3420063708D /* LLDownloader */ = {
			isa = PBXGroup;
			children = (
				A4BEB1A71C47A6240063708D /* LLHttpDownloader.m */,
				A4BEB1A61C47A6110063708D /* LLHttpDownloader.h */,
				A48D681D1C4880BA00C67744 /* LLFileOperator.h */,
				A48D681E1C4880CB00C67744 /* LLFileOperator.m */,
				A48D682A1C48957500C67744 /* LLLoger.h */,
				A48D682B1C48958000C67744 /* LLLoger.m */,
				A48D68351C48C1E500C67744 /* LLNetworkState.h */,
				A48D68361C48C1F600C67744 /* LLNetworkState.m */,
				189D7D1C1C4BCAD300F41ABB /* LLDownloader.h */,
				A4EA02371C5F3800001C9BF8 /* UIDownloadBar.m */,
				A4EA02391C5F381E001C9BF8 /* UIDownloadBar.h */,
			);
			path = LLDownloader;
			sourceTree = "<group>";
		};
/* End PBXGroup section */

/* Begin PBXHeadersBuildPhase section */
		A4BEB1A01C47A4250063708D /* Headers */ = {
			isa = PBXHeadersBuildPhase;
			buildActionMask = 2147483647;
			files = (
			);
			runOnlyForDeploymentPostprocessing = 0;
		};
/* End PBXHeadersBuildPhase section */

/* Begin PBXNativeTarget section */
		A4BEB1901C47A3420063708D /* LLDownloader */ = {
			isa = PBXNativeTarget;
			buildConfigurationList = A4BEB19A1C47A3420063708D /* Build configuration list for PBXNativeTarget "LLDownloader" */;
			buildPhases = (
				A4BEB18D1C47A3420063708D /* Sources */,
				A4BEB18E1C47A3420063708D /* Frameworks */,
				A4BEB18F1C47A3420063708D /* CopyFiles */,
				A4BEB1A01C47A4250063708D /* Headers */,
			);
			buildRules = (
			);
			dependencies = (
			);
			name = LLDownloader;
			productName = LLDownloader;
			productReference = A4BEB1911C47A3420063708D /* libLLDownloader.a */;
			productType = "com.apple.product-type.library.static";
		};
/* End PBXNativeTarget section */

/* Begin PBXProject section */
		A4BEB1891C47A3420063708D /* Project object */ = {
			isa = PBXProject;
			attributes = {
				LastUpgradeCheck = 0720;
				ORGANIZATIONNAME = handsight;
				TargetAttributes = {
					A4BEB1901C47A3420063708D = {
						CreatedOnToolsVersion = 7.2;
					};
				};
			};
			buildConfigurationList = A4BEB18C1C47A3420063708D /* Build configuration list for PBXProject "LLDownloader" */;
			compatibilityVersion = "Xcode 3.2";
			developmentRegion = English;
			hasScannedForEncodings = 0;
			knownRegions = (
				en,
			);
			mainGroup = A4BEB1881C47A3420063708D;
			productRefGroup = A4BEB1921C47A3420063708D /* Products */;
			projectDirPath = "";
			projectRoot = "";
			targets = (
				A4BEB1901C47A3420063708D /* LLDownloader */,
			);
		};
/* End PBXProject section */

/* Begin PBXSourcesBuildPhase section */
		A4BEB18D1C47A3420063708D /* Sources */ = {
			isa = PBXSourcesBuildPhase;
			buildActionMask = 2147483647;
			files = (
				A48D682C1C48958000C67744 /* LLLoger.m in Sources */,
				A48D68371C48C1F600C67744 /* LLNetworkState.m in Sources */,
				A4BEB1B91C47CC3E0063708D /* README.MD in Sources */,
				A48D681F1C4880CB00C67744 /* LLFileOperator.m in Sources */,
				A4BEB1A81C47A6240063708D /* LLHttpDownloader.m in Sources */,
				A4EA02381C5F3800001C9BF8 /* UIDownloadBar.m in Sources */,
			);
			runOnlyForDeploymentPostprocessing = 0;
		};
/* End PBXSourcesBuildPhase section */

/* Begin XCBuildConfiguration section */
		A4BEB1981C47A3420063708D /* Debug */ = {
			isa = XCBuildConfiguration;
			buildSettings = {
				ALWAYS_SEARCH_USER_PATHS = NO;
				CLANG_CXX_LANGUAGE_STANDARD = "gnu++0x";
				CLANG_CXX_LIBRARY = "libc++";
				CLANG_ENABLE_MODULES = YES;
				CLANG_ENABLE_OBJC_ARC = YES;
				CLANG_WARN_BOOL_CONVERSION = YES;
				CLANG_WARN_CONSTANT_CONVERSION = YES;
				CLANG_WARN_DIRECT_OBJC_ISA_USAGE = YES_ERROR;
				CLANG_WARN_EMPTY_BODY = YES;
				CLANG_WARN_ENUM_CONVERSION = YES;
				CLANG_WARN_INT_CONVERSION = YES;
				CLANG_WARN_OBJC_ROOT_CLASS = YES_ERROR;
				CLANG_WARN_UNREACHABLE_CODE = YES;
				CLANG_WARN__DUPLICATE_METHOD_MATCH = YES;
				"CODE_SIGN_IDENTITY[sdk=iphoneos*]" = "iPhone Developer";
				COPY_PHASE_STRIP = NO;
				DEBUG_INFORMATION_FORMAT = dwarf;
				ENABLE_STRICT_OBJC_MSGSEND = YES;
				ENABLE_TESTABILITY = YES;
				GCC_C_LANGUAGE_STANDARD = gnu99;
				GCC_DYNAMIC_NO_PIC = NO;
				GCC_NO_COMMON_BLOCKS = YES;
				GCC_OPTIMIZATION_LEVEL = 0;
				GCC_PREPROCESSOR_DEFINITIONS = (
					"DEBUG=1",
					"$(inherited)",
				);
				GCC_WARN_64_TO_32_BIT_CONVERSION = YES;
				GCC_WARN_ABOUT_RETURN_TYPE = YES_ERROR;
				GCC_WARN_UNDECLARED_SELECTOR = YES;
				GCC_WARN_UNINITIALIZED_AUTOS = YES_AGGRESSIVE;
				GCC_WARN_UNUSED_FUNCTION = YES;
				GCC_WARN_UNUSED_VARIABLE = YES;
				IPHONEOS_DEPLOYMENT_TARGET = 9.2;
				MTL_ENABLE_DEBUG_INFO = YES;
				ONLY_ACTIVE_ARCH = YES;
				SDKROOT = iphoneos;
			};
			name = Debug;
		};
		A4BEB1991C47A3420063708D /* Release */ = {
			isa = XCBuildConfiguration;
			buildSettings = {
				ALWAYS_SEARCH_USER_PATHS = NO;
				CLANG_CXX_LANGUAGE_STANDARD = "gnu++0x";
				CLANG_CXX_LIBRARY = "libc++";
				CLANG_ENABLE_MODULES = YES;
				CLANG_ENABLE_OBJC_ARC = YES;
				CLANG_WARN_BOOL_CONVERSION = YES;
				CLANG_WARN_CONSTANT_CONVERSION = YES;
				CLANG_WARN_DIRECT_OBJC_ISA_USAGE = YES_ERROR;
				CLANG_WARN_EMPTY_BODY = YES;
				CLANG_WARN_ENUM_CONVERSION = YES;
				CLANG_WARN_INT_CONVERSION = YES;
				CLANG_WARN_OBJC_ROOT_CLASS = YES_ERROR;
				CLANG_WARN_UNREACHABLE_CODE = YES;
				CLANG_WARN__DUPLICATE_METHOD_MATCH = YES;
				"CODE_SIGN_IDENTITY[sdk=iphoneos*]" = "iPhone Developer";
				COPY_PHASE_STRIP = NO;
				DEBUG_INFORMATION_FORMAT = "dwarf-with-dsym";
				ENABLE_NS_ASSERTIONS = NO;
				ENABLE_STRICT_OBJC_MSGSEND = YES;
				GCC_C_LANGUAGE_STANDARD = gnu99;
				GCC_NO_COMMON_BLOCKS = YES;
				GCC_WARN_64_TO_32_BIT_CONVERSION = YES;
				GCC_WARN_ABOUT_RETURN_TYPE = YES_ERROR;
				GCC_WARN_UNDECLARED_SELECTOR = YES;
				GCC_WARN_UNINITIALIZED_AUTOS = YES_AGGRESSIVE;
				GCC_WARN_UNUSED_FUNCTION = YES;
				GCC_WARN_UNUSED_VARIABLE = YES;
				IPHONEOS_DEPLOYMENT_TARGET = 9.2;
				MTL_ENABLE_DEBUG_INFO = NO;
				SDKROOT = iphoneos;
				VALIDATE_PRODUCT = YES;
			};
			name = Release;
		};
		A4BEB19B1C47A3420063708D /* Debug */ = {
			isa = XCBuildConfiguration;
			buildSettings = {
				OTHER_LDFLAGS = "-ObjC";
				PRODUCT_NAME = "$(TARGET_NAME)";
				SKIP_INSTALL = YES;
			};
			name = Debug;
		};
		A4BEB19C1C47A3420063708D /* Release */ = {
			isa = XCBuildConfiguration;
			buildSettings = {
				OTHER_LDFLAGS = "-ObjC";
				PRODUCT_NAME = "$(TARGET_NAME)";
				SKIP_INSTALL = YES;
			};
			name = Release;
		};
/* End XCBuildConfiguration section */

/* Begin XCConfigurationList section */
		A4BEB18C1C47A3420063708D /* Build configuration list for PBXProject "LLDownloader" */ = {
			isa = XCConfigurationList;
			buildConfigurations = (
				A4BEB1981C47A3420063708D /* Debug */,
				A4BEB1991C47A3420063708D /* Release */,
			);
			defaultConfigurationIsVisible = 0;
			defaultConfigurationName = Release;
		};
		A4BEB19A1C47A3420063708D /* Build configuration list for PBXNativeTarget "LLDownloader" */ = {
			isa = XCConfigurationList;
			buildConfigurations = (
				A4BEB19B1C47A3420063708D /* Debug */,
				A4BEB19C1C47A3420063708D /* Release */,
			);
			defaultConfigurationIsVisible = 0;
			defaultConfigurationName = Release;
		};
/* End XCConfigurationList section */
	};
	rootObject = A4BEB1891C47A3420063708D /* Project object */;
}
